// !$*UTF8*$!
{
	archiveVersion = 1;
	classes = {
	};
	objectVersion = 50;
	objects = {

/* Begin PBXBuildFile section */
		864951BA231E4DC6005F50C0 /* AppDelegate.swift in Sources */ = {isa = PBXBuildFile; fileRef = 864951B9231E4DC6005F50C0 /* AppDelegate.swift */; };
		864951BC231E4DC6005F50C0 /* ViewController.swift in Sources */ = {isa = PBXBuildFile; fileRef = 864951BB231E4DC6005F50C0 /* ViewController.swift */; };
		864951BF231E4DC6005F50C0 /* Main.storyboard in Resources */ = {isa = PBXBuildFile; fileRef = 864951BD231E4DC6005F50C0 /* Main.storyboard */; };
		864951C1231E4DC8005F50C0 /* Assets.xcassets in Resources */ = {isa = PBXBuildFile; fileRef = 864951C0231E4DC8005F50C0 /* Assets.xcassets */; };
		864951C4231E4DC8005F50C0 /* LaunchScreen.storyboard in Resources */ = {isa = PBXBuildFile; fileRef = 864951C2231E4DC8005F50C0 /* LaunchScreen.storyboard */; };
		864951CF231E4DC8005F50C0 /* CCA_Quiz_AppTests.swift in Sources */ = {isa = PBXBuildFile; fileRef = 864951CE231E4DC8005F50C0 /* CCA_Quiz_AppTests.swift */; };
		864951DA231E4DC8005F50C0 /* CCA_Quiz_AppUITests.swift in Sources */ = {isa = PBXBuildFile; fileRef = 864951D9231E4DC8005F50C0 /* CCA_Quiz_AppUITests.swift */; };
/* End PBXBuildFile section */

/* Begin PBXContainerItemProxy section */
		864951CB231E4DC8005F50C0 /* PBXContainerItemProxy */ = {
			isa = PBXContainerItemProxy;
			containerPortal = 864951AE231E4DC6005F50C0 /* Project object */;
			proxyType = 1;
			remoteGlobalIDString = 864951B5231E4DC6005F50C0;
			remoteInfo = "CCA Quiz App";
		};
		864951D6231E4DC8005F50C0 /* PBXContainerItemProxy */ = {
			isa = PBXContainerItemProxy;
			containerPortal = 864951AE231E4DC6005F50C0 /* Project object */;
			proxyType = 1;
			remoteGlobalIDString = 864951B5231E4DC6005F50C0;
			remoteInfo = "CCA Quiz App";
		};
/* End PBXContainerItemProxy section */

/* Begin PBXFileReference section */
		864951B6231E4DC6005F50C0 /* CCA Quiz App.app */ = {isa = PBXFileReference; explicitFileType = wrapper.application; includeInIndex = 0; path = "CCA Quiz App.app"; sourceTree = BUILT_PRODUCTS_DIR; };
		864951B9231E4DC6005F50C0 /* AppDelegate.swift */ = {isa = PBXFileReference; lastKnownFileType = sourcecode.swift; path = AppDelegate.swift; sourceTree = "<group>"; };
		864951BB231E4DC6005F50C0 /* ViewController.swift */ = {isa = PBXFileReference; lastKnownFileType = sourcecode.swift; path = ViewController.swift; sourceTree = "<group>"; };
		864951BE231E4DC6005F50C0 /* Base */ = {isa = PBXFileReference; lastKnownFileType = file.storyboard; name = Base; path = Base.lproj/Main.storyboard; sourceTree = "<group>"; };
		864951C0231E4DC8005F50C0 /* Assets.xcassets */ = {isa = PBXFileReference; lastKnownFileType = folder.assetcatalog; path = Assets.xcassets; sourceTree = "<group>"; };
		864951C3231E4DC8005F50C0 /* Base */ = {isa = PBXFileReference; lastKnownFileType = file.storyboard; name = Base; path = Base.lproj/LaunchScreen.storyboard; sourceTree = "<group>"; };
		864951C5231E4DC8005F50C0 /* Info.plist */ = {isa = PBXFileReference; lastKnownFileType = text.plist.xml; path = Info.plist; sourceTree = "<group>"; };
		864951CA231E4DC8005F50C0 /* CCA Quiz AppTests.xctest */ = {isa = PBXFileReference; explicitFileType = wrapper.cfbundle; includeInIndex = 0; path = "CCA Quiz AppTests.xctest"; sourceTree = BUILT_PRODUCTS_DIR; };
		864951CE231E4DC8005F50C0 /* CCA_Quiz_AppTests.swift */ = {isa = PBXFileReference; lastKnownFileType = sourcecode.swift; path = CCA_Quiz_AppTests.swift; sourceTree = "<group>"; };
		864951D0231E4DC8005F50C0 /* Info.plist */ = {isa = PBXFileReference; lastKnownFileType = text.plist.xml; path = Info.plist; sourceTree = "<group>"; };
		864951D5231E4DC8005F50C0 /* CCA Quiz AppUITests.xctest */ = {isa = PBXFileReference; explicitFileType = wrapper.cfbundle; includeInIndex = 0; path = "CCA Quiz AppUITests.xctest"; sourceTree = BUILT_PRODUCTS_DIR; };
		864951D9231E4DC8005F50C0 /* CCA_Quiz_AppUITests.swift */ = {isa = PBXFileReference; lastKnownFileType = sourcecode.swift; path = CCA_Quiz_AppUITests.swift; sourceTree = "<group>"; };
		864951DB231E4DC8005F50C0 /* Info.plist */ = {isa = PBXFileReference; lastKnownFileType = text.plist.xml; path = Info.plist; sourceTree = "<group>"; };
/* End PBXFileReference section */

/* Begin PBXFrameworksBuildPhase section */
		864951B3231E4DC6005F50C0 /* Frameworks */ = {
			isa = PBXFrameworksBuildPhase;
			buildActionMask = 2147483647;
			files = (
			);
			runOnlyForDeploymentPostprocessing = 0;
		};
		864951C7231E4DC8005F50C0 /* Frameworks */ = {
			isa = PBXFrameworksBuildPhase;
			buildActionMask = 2147483647;
			files = (
			);
			runOnlyForDeploymentPostprocessing = 0;
		};
		864951D2231E4DC8005F50C0 /* Frameworks */ = {
			isa = PBXFrameworksBuildPhase;
			buildActionMask = 2147483647;
			files = (
			);
			runOnlyForDeploymentPostprocessing = 0;
		};
/* End PBXFrameworksBuildPhase section */

/* Begin PBXGroup section */
		864951AD231E4DC6005F50C0 = {
			isa = PBXGroup;
			children = (
				864951B8231E4DC6005F50C0 /* CCA Quiz App */,
				864951CD231E4DC8005F50C0 /* CCA Quiz AppTests */,
				864951D8231E4DC8005F50C0 /* CCA Quiz AppUITests */,
				864951B7231E4DC6005F50C0 /* Products */,
			);
			sourceTree = "<group>";
		};
		864951B7231E4DC6005F50C0 /* Products */ = {
			isa = PBXGroup;
			children = (
				864951B6231E4DC6005F50C0 /* CCA Quiz App.app */,
				864951CA231E4DC8005F50C0 /* CCA Quiz AppTests.xctest */,
				864951D5231E4DC8005F50C0 /* CCA Quiz AppUITests.xctest */,
			);
			name = Products;
			sourceTree = "<group>";
		};
		864951B8231E4DC6005F50C0 /* CCA Quiz App */ = {
			isa = PBXGroup;
			children = (
				864951B9231E4DC6005F50C0 /* AppDelegate.swift */,
				864951BB231E4DC6005F50C0 /* ViewController.swift */,
				864951BD231E4DC6005F50C0 /* Main.storyboard */,
				864951C0231E4DC8005F50C0 /* Assets.xcassets */,
				864951C2231E4DC8005F50C0 /* LaunchScreen.storyboard */,
				864951C5231E4DC8005F50C0 /* Info.plist */,
			);
			path = "CCA Quiz App";
			sourceTree = "<group>";
		};
		864951CD231E4DC8005F50C0 /* CCA Quiz AppTests */ = {
			isa = PBXGroup;
			children = (
				864951CE231E4DC8005F50C0 /* CCA_Quiz_AppTests.swift */,
				864951D0231E4DC8005F50C0 /* Info.plist */,
			);
			path = "CCA Quiz AppTests";
			sourceTree = "<group>";
		};
		864951D8231E4DC8005F50C0 /* CCA Quiz AppUITests */ = {
			isa = PBXGroup;
			children = (
				864951D9231E4DC8005F50C0 /* CCA_Quiz_AppUITests.swift */,
				864951DB231E4DC8005F50C0 /* Info.plist */,
			);
			path = "CCA Quiz AppUITests";
			sourceTree = "<group>";
		};
/* End PBXGroup section */

/* Begin PBXNativeTarget section */
		864951B5231E4DC6005F50C0 /* CCA Quiz App */ = {
			isa = PBXNativeTarget;
			buildConfigurationList = 864951DE231E4DC8005F50C0 /* Build configuration list for PBXNativeTarget "CCA Quiz App" */;
			buildPhases = (
				864951B2231E4DC6005F50C0 /* Sources */,
				864951B3231E4DC6005F50C0 /* Frameworks */,
				864951B4231E4DC6005F50C0 /* Resources */,
			);
			buildRules = (
			);
			dependencies = (
			);
			name = "CCA Quiz App";
			productName = "CCA Quiz App";
			productReference = 864951B6231E4DC6005F50C0 /* CCA Quiz App.app */;
			productType = "com.apple.product-type.application";
		};
		864951C9231E4DC8005F50C0 /* CCA Quiz AppTests */ = {
			isa = PBXNativeTarget;
			buildConfigurationList = 864951E1231E4DC8005F50C0 /* Build configuration list for PBXNativeTarget "CCA Quiz AppTests" */;
			buildPhases = (
				864951C6231E4DC8005F50C0 /* Sources */,
				864951C7231E4DC8005F50C0 /* Frameworks */,
				864951C8231E4DC8005F50C0 /* Resources */,
			);
			buildRules = (
			);
			dependencies = (
				864951CC231E4DC8005F50C0 /* PBXTargetDependency */,
			);
			name = "CCA Quiz AppTests";
			productName = "CCA Quiz AppTests";
			productReference = 864951CA231E4DC8005F50C0 /* CCA Quiz AppTests.xctest */;
			productType = "com.apple.product-type.bundle.unit-test";
		};
		864951D4231E4DC8005F50C0 /* CCA Quiz AppUITests */ = {
			isa = PBXNativeTarget;
			buildConfigurationList = 864951E4231E4DC8005F50C0 /* Build configuration list for PBXNativeTarget "CCA Quiz AppUITests" */;
			buildPhases = (
				864951D1231E4DC8005F50C0 /* Sources */,
				864951D2231E4DC8005F50C0 /* Frameworks */,
				864951D3231E4DC8005F50C0 /* Resources */,
			);
			buildRules = (
			);
			dependencies = (
				864951D7231E4DC8005F50C0 /* PBXTargetDependency */,
			);
			name = "CCA Quiz AppUITests";
			productName = "CCA Quiz AppUITests";
			productReference = 864951D5231E4DC8005F50C0 /* CCA Quiz AppUITests.xctest */;
			productType = "com.apple.product-type.bundle.ui-testing";
		};
/* End PBXNativeTarget section */

/* Begin PBXProject section */
		864951AE231E4DC6005F50C0 /* Project object */ = {
			isa = PBXProject;
			attributes = {
				LastSwiftUpdateCheck = 1030;
				LastUpgradeCheck = 1030;
				ORGANIZATIONNAME = ssoeuser;
				TargetAttributes = {
					864951B5231E4DC6005F50C0 = {
						CreatedOnToolsVersion = 10.3;
					};
					864951C9231E4DC8005F50C0 = {
						CreatedOnToolsVersion = 10.3;
						TestTargetID = 864951B5231E4DC6005F50C0;
					};
					864951D4231E4DC8005F50C0 = {
						CreatedOnToolsVersion = 10.3;
						TestTargetID = 864951B5231E4DC6005F50C0;
					};
				};
			};
			buildConfigurationList = 864951B1231E4DC6005F50C0 /* Build configuration list for PBXProject "CCA Quiz App" */;
			compatibilityVersion = "Xcode 9.3";
			developmentRegion = en;
			hasScannedForEncodings = 0;
			knownRegions = (
				en,
				Base,
			);
			mainGroup = 864951AD231E4DC6005F50C0;
			productRefGroup = 864951B7231E4DC6005F50C0 /* Products */;
			projectDirPath = "";
			projectRoot = "";
			targets = (
				864951B5231E4DC6005F50C0 /* CCA Quiz App */,
				864951C9231E4DC8005F50C0 /* CCA Quiz AppTests */,
				864951D4231E4DC8005F50C0 /* CCA Quiz AppUITests */,
			);
		};
/* End PBXProject section */

/* Begin PBXResourcesBuildPhase section */
		864951B4231E4DC6005F50C0 /* Resources */ = {
			isa = PBXResourcesBuildPhase;
			buildActionMask = 2147483647;
			files = (
				864951C4231E4DC8005F50C0 /* LaunchScreen.storyboard in Resources */,
				864951C1231E4DC8005F50C0 /* Assets.xcassets in Resources */,
				864951BF231E4DC6005F50C0 /* Main.storyboard in Resources */,
			);
			runOnlyForDeploymentPostprocessing = 0;
		};
		864951C8231E4DC8005F50C0 /* Resources */ = {
			isa = PBXResourcesBuildPhase;
			buildActionMask = 2147483647;
			files = (
			);
			runOnlyForDeploymentPostprocessing = 0;
		};
		864951D3231E4DC8005F50C0 /* Resources */ = {
			isa = PBXResourcesBuildPhase;
			buildActionMask = 2147483647;
			files = (
			);
			runOnlyForDeploymentPostprocessing = 0;
		};
/* End PBXResourcesBuildPhase section */

/* Begin PBXSourcesBuildPhase section */
		864951B2231E4DC6005F50C0 /* Sources */ = {
			isa = PBXSourcesBuildPhase;
			buildActionMask = 2147483647;
			files = (
				864951BC231E4DC6005F50C0 /* ViewController.swift in Sources */,
				864951BA231E4DC6005F50C0 /* AppDelegate.swift in Sources */,
			);
			runOnlyForDeploymentPostprocessing = 0;
		};
		864951C6231E4DC8005F50C0 /* Sources */ = {
			isa = PBXSourcesBuildPhase;
			buildActionMask = 2147483647;
			files = (
				864951CF231E4DC8005F50C0 /* CCA_Quiz_AppTests.swift in Sources */,
			);
			runOnlyForDeploymentPostprocessing = 0;
		};
		864951D1231E4DC8005F50C0 /* Sources */ = {
			isa = PBXSourcesBuildPhase;
			buildActionMask = 2147483647;
			files = (
				864951DA231E4DC8005F50C0 /* CCA_Quiz_AppUITests.swift in Sources */,
			);
			runOnlyForDeploymentPostprocessing = 0;
		};
/* End PBXSourcesBuildPhase section */

/* Begin PBXTargetDependency section */
		864951CC231E4DC8005F50C0 /* PBXTargetDependency */ = {
			isa = PBXTargetDependency;
			target = 864951B5231E4DC6005F50C0 /* CCA Quiz App */;
			targetProxy = 864951CB231E4DC8005F50C0 /* PBXContainerItemProxy */;
		};
		864951D7231E4DC8005F50C0 /* PBXTargetDependency */ = {
			isa = PBXTargetDependency;
			target = 864951B5231E4DC6005F50C0 /* CCA Quiz App */;
			targetProxy = 864951D6231E4DC8005F50C0 /* PBXContainerItemProxy */;
		};
/* End PBXTargetDependency section */

/* Begin PBXVariantGroup section */
		864951BD231E4DC6005F50C0 /* Main.storyboard */ = {
			isa = PBXVariantGroup;
			children = (
				864951BE231E4DC6005F50C0 /* Base */,
			);
			name = Main.storyboard;
			sourceTree = "<group>";
		};
		864951C2231E4DC8005F50C0 /* LaunchScreen.storyboard */ = {
			isa = PBXVariantGroup;
			children = (
				864951C3231E4DC8005F50C0 /* Base */,
			);
			name = LaunchScreen.storyboard;
			sourceTree = "<group>";
		};
/* End PBXVariantGroup section */

/* Begin XCBuildConfiguration section */
		864951DC231E4DC8005F50C0 /* Debug */ = {
			isa = XCBuildConfiguration;
			buildSettings = {
				ALWAYS_SEARCH_USER_PATHS = NO;
				CLANG_ANALYZER_NONNULL = YES;
				CLANG_ANALYZER_NUMBER_OBJECT_CONVERSION = YES_AGGRESSIVE;
				CLANG_CXX_LANGUAGE_STANDARD = "gnu++14";
				CLANG_CXX_LIBRARY = "libc++";
				CLANG_ENABLE_MODULES = YES;
				CLANG_ENABLE_OBJC_ARC = YES;
				CLANG_ENABLE_OBJC_WEAK = YES;
				CLANG_WARN_BLOCK_CAPTURE_AUTORELEASING = YES;
				CLANG_WARN_BOOL_CONVERSION = YES;
				CLANG_WARN_COMMA = YES;
				CLANG_WARN_CONSTANT_CONVERSION = YES;
				CLANG_WARN_DEPRECATED_OBJC_IMPLEMENTATIONS = YES;
				CLANG_WARN_DIRECT_OBJC_ISA_USAGE = YES_ERROR;
				CLANG_WARN_DOCUMENTATION_COMMENTS = YES;
				CLANG_WARN_EMPTY_BODY = YES;
				CLANG_WARN_ENUM_CONVERSION = YES;
				CLANG_WARN_INFINITE_RECURSION = YES;
				CLANG_WARN_INT_CONVERSION = YES;
				CLANG_WARN_NON_LITERAL_NULL_CONVERSION = YES;
				CLANG_WARN_OBJC_IMPLICIT_RETAIN_SELF = YES;
				CLANG_WARN_OBJC_LITERAL_CONVERSION = YES;
				CLANG_WARN_OBJC_ROOT_CLASS = YES_ERROR;
				CLANG_WARN_RANGE_LOOP_ANALYSIS = YES;
				CLANG_WARN_STRICT_PROTOTYPES = YES;
				CLANG_WARN_SUSPICIOUS_MOVE = YES;
				CLANG_WARN_UNGUARDED_AVAILABILITY = YES_AGGRESSIVE;
				CLANG_WARN_UNREACHABLE_CODE = YES;
				CLANG_WARN__DUPLICATE_METHOD_MATCH = YES;
				CODE_SIGN_IDENTITY = "iPhone Developer";
				COPY_PHASE_STRIP = NO;
				DEBUG_INFORMATION_FORMAT = dwarf;
				ENABLE_STRICT_OBJC_MSGSEND = YES;
				ENABLE_TESTABILITY = YES;
				GCC_C_LANGUAGE_STANDARD = gnu11;
				GCC_DYNAMIC_NO_PIC = NO;
				GCC_NO_COMMON_BLOCKS = YES;
				GCC_OPTIMIZATION_LEVEL = 0;
				GCC_PREPROCESSOR_DEFINITIONS = (
					"DEBUG=1",
					"$(inherited)",
				);
				GCC_WARN_64_TO_32_BIT_CONVERSION = YES;
				GCC_WARN_ABOUT_RETURN_TYPE = YES_ERROR;
				GCC_WARN_UNDECLARED_SELECTOR = YES;
				GCC_WARN_UNINITIALIZED_AUTOS = YES_AGGRESSIVE;
				GCC_WARN_UNUSED_FUNCTION = YES;
				GCC_WARN_UNUSED_VARIABLE = YES;
				IPHONEOS_DEPLOYMENT_TARGET = 12.4;
				MTL_ENABLE_DEBUG_INFO = INCLUDE_SOURCE;
				MTL_FAST_MATH = YES;
				ONLY_ACTIVE_ARCH = YES;
				SDKROOT = iphoneos;
				SWIFT_ACTIVE_COMPILATION_CONDITIONS = DEBUG;
				SWIFT_OPTIMIZATION_LEVEL = "-Onone";
			};
			name = Debug;
		};
		864951DD231E4DC8005F50C0 /* Release */ = {
			isa = XCBuildConfiguration;
			buildSettings = {
				ALWAYS_SEARCH_USER_PATHS = NO;
				CLANG_ANALYZER_NONNULL = YES;
				CLANG_ANALYZER_NUMBER_OBJECT_CONVERSION = YES_AGGRESSIVE;
				CLANG_CXX_LANGUAGE_STANDARD = "gnu++14";
				CLANG_CXX_LIBRARY = "libc++";
				CLANG_ENABLE_MODULES = YES;
				CLANG_ENABLE_OBJC_ARC = YES;
				CLANG_ENABLE_OBJC_WEAK = YES;
				CLANG_WARN_BLOCK_CAPTURE_AUTORELEASING = YES;
				CLANG_WARN_BOOL_CONVERSION = YES;
				CLANG_WARN_COMMA = YES;
				CLANG_WARN_CONSTANT_CONVERSION = YES;
				CLANG_WARN_DEPRECATED_OBJC_IMPLEMENTATIONS = YES;
				CLANG_WARN_DIRECT_OBJC_ISA_USAGE = YES_ERROR;
				CLANG_WARN_DOCUMENTATION_COMMENTS = YES;
				CLANG_WARN_EMPTY_BODY = YES;
				CLANG_WARN_ENUM_CONVERSION = YES;
				CLANG_WARN_INFINITE_RECURSION = YES;
				CLANG_WARN_INT_CONVERSION = YES;
				CLANG_WARN_NON_LITERAL_NULL_CONVERSION = YES;
				CLANG_WARN_OBJC_IMPLICIT_RETAIN_SELF = YES;
				CLANG_WARN_OBJC_LITERAL_CONVERSION = YES;
				CLANG_WARN_OBJC_ROOT_CLASS = YES_ERROR;
				CLANG_WARN_RANGE_LOOP_ANALYSIS = YES;
				CLANG_WARN_STRICT_PROTOTYPES = YES;
				CLANG_WARN_SUSPICIOUS_MOVE = YES;
				CLANG_WARN_UNGUARDED_AVAILABILITY = YES_AGGRESSIVE;
				CLANG_WARN_UNREACHABLE_CODE = YES;
				CLANG_WARN__DUPLICATE_METHOD_MATCH = YES;
				CODE_SIGN_IDENTITY = "iPhone Developer";
				COPY_PHASE_STRIP = NO;
				DEBUG_INFORMATION_FORMAT = "dwarf-with-dsym";
				ENABLE_NS_ASSERTIONS = NO;
				ENABLE_STRICT_OBJC_MSGSEND = YES;
				GCC_C_LANGUAGE_STANDARD = gnu11;
				GCC_NO_COMMON_BLOCKS = YES;
				GCC_WARN_64_TO_32_BIT_CONVERSION = YES;
				GCC_WARN_ABOUT_RETURN_TYPE = YES_ERROR;
				GCC_WARN_UNDECLARED_SELECTOR = YES;
				GCC_WARN_UNINITIALIZED_AUTOS = YES_AGGRESSIVE;
				GCC_WARN_UNUSED_FUNCTION = YES;
				GCC_WARN_UNUSED_VARIABLE = YES;
				IPHONEOS_DEPLOYMENT_TARGET = 12.4;
				MTL_ENABLE_DEBUG_INFO = NO;
				MTL_FAST_MATH = YES;
				SDKROOT = iphoneos;
				SWIFT_COMPILATION_MODE = wholemodule;
				SWIFT_OPTIMIZATION_LEVEL = "-O";
				VALIDATE_PRODUCT = YES;
			};
			name = Release;
		};
		864951DF231E4DC8005F50C0 /* Debug */ = {
			isa = XCBuildConfiguration;
			buildSettings = {
				ASSETCATALOG_COMPILER_APPICON_NAME = AppIcon;
				CODE_SIGN_STYLE = Automatic;
				DEVELOPMENT_TEAM = 49JL8262M2;
				INFOPLIST_FILE = "CCA Quiz App/Info.plist";
				LD_RUNPATH_SEARCH_PATHS = (
					"$(inherited)",
					"@executable_path/Frameworks",
				);
				PRODUCT_BUNDLE_IDENTIFIER = "Prakhar.CCA-Quiz-App";
				PRODUCT_NAME = "$(TARGET_NAME)";
				SWIFT_VERSION = 5.0;
				TARGETED_DEVICE_FAMILY = "1,2";
			};
			name = Debug;
		};
		864951E0231E4DC8005F50C0 /* Release */ = {
			isa = XCBuildConfiguration;
			buildSettings = {
				ASSETCATALOG_COMPILER_APPICON_NAME = AppIcon;
				CODE_SIGN_STYLE = Automatic;
				DEVELOPMENT_TEAM = 49JL8262M2;
				INFOPLIST_FILE = "CCA Quiz App/Info.plist";
				LD_RUNPATH_SEARCH_PATHS = (
					"$(inherited)",
					"@executable_path/Frameworks",
				);
				PRODUCT_BUNDLE_IDENTIFIER = "Prakhar.CCA-Quiz-App";
				PRODUCT_NAME = "$(TARGET_NAME)";
				SWIFT_VERSION = 5.0;
				TARGETED_DEVICE_FAMILY = "1,2";
			};
			name = Release;
		};
		864951E2231E4DC8005F50C0 /* Debug */ = {
			isa = XCBuildConfiguration;
			buildSettings = {
				ALWAYS_EMBED_SWIFT_STANDARD_LIBRARIES = YES;
				BUNDLE_LOADER = "$(TEST_HOST)";
				CODE_SIGN_STYLE = Automatic;
				DEVELOPMENT_TEAM = 49JL8262M2;
				INFOPLIST_FILE = "CCA Quiz AppTests/Info.plist";
				LD_RUNPATH_SEARCH_PATHS = (
					"$(inherited)",
					"@executable_path/Frameworks",
					"@loader_path/Frameworks",
				);
				PRODUCT_BUNDLE_IDENTIFIER = "Prakhar.CCA-Quiz-AppTests";
				PRODUCT_NAME = "$(TARGET_NAME)";
				SWIFT_VERSION = 5.0;
				TARGETED_DEVICE_FAMILY = "1,2";
				TEST_HOST = "$(BUILT_PRODUCTS_DIR)/CCA Quiz App.app/CCA Quiz App";
			};
			name = Debug;
		};
		864951E3231E4DC8005F50C0 /* Release */ = {
			isa = XCBuildConfiguration;
			buildSettings = {
				ALWAYS_EMBED_SWIFT_STANDARD_LIBRARIES = YES;
				BUNDLE_LOADER = "$(TEST_HOST)";
				CODE_SIGN_STYLE = Automatic;
				DEVELOPMENT_TEAM = 49JL8262M2;
				INFOPLIST_FILE = "CCA Quiz AppTests/Info.plist";
				LD_RUNPATH_SEARCH_PATHS = (
					"$(inherited)",
					"@executable_path/Frameworks",
					"@loader_path/Frameworks",
				);
				PRODUCT_BUNDLE_IDENTIFIER = "Prakhar.CCA-Quiz-AppTests";
				PRODUCT_NAME = "$(TARGET_NAME)";
				SWIFT_VERSION = 5.0;
				TARGETED_DEVICE_FAMILY = "1,2";
				TEST_HOST = "$(BUILT_PRODUCTS_DIR)/CCA Quiz App.app/CCA Quiz App";
			};
			name = Release;
		};
		864951E5231E4DC8005F50C0 /* Debug */ = {
			isa = XCBuildConfiguration;
			buildSettings = {
				ALWAYS_EMBED_SWIFT_STANDARD_LIBRARIES = YES;
				CODE_SIGN_STYLE = Automatic;
				DEVELOPMENT_TEAM = 49JL8262M2;
				INFOPLIST_FILE = "CCA Quiz AppUITests/Info.plist";
				LD_RUNPATH_SEARCH_PATHS = (
					"$(inherited)",
					"@executable_path/Frameworks",
					"@loader_path/Frameworks",
				);
				PRODUCT_BUNDLE_IDENTIFIER = "Prakhar.CCA-Quiz-AppUITests";
				PRODUCT_NAME = "$(TARGET_NAME)";
				SWIFT_VERSION = 5.0;
				TARGETED_DEVICE_FAMILY = "1,2";
				TEST_TARGET_NAME = "CCA Quiz App";
			};
			name = Debug;
		};
		864951E6231E4DC8005F50C0 /* Release */ = {
			isa = XCBuildConfiguration;
			buildSettings = {
				ALWAYS_EMBED_SWIFT_STANDARD_LIBRARIES = YES;
				CODE_SIGN_STYLE = Automatic;
				DEVELOPMENT_TEAM = 49JL8262M2;
				INFOPLIST_FILE = "CCA Quiz AppUITests/Info.plist";
				LD_RUNPATH_SEARCH_PATHS = (
					"$(inherited)",
					"@executable_path/Frameworks",
					"@loader_path/Frameworks",
				);
				PRODUCT_BUNDLE_IDENTIFIER = "Prakhar.CCA-Quiz-AppUITests";
				PRODUCT_NAME = "$(TARGET_NAME)";
				SWIFT_VERSION = 5.0;
				TARGETED_DEVICE_FAMILY = "1,2";
				TEST_TARGET_NAME = "CCA Quiz App";
			};
			name = Release;
		};
/* End XCBuildConfiguration section */

/* Begin XCConfigurationList section */
		864951B1231E4DC6005F50C0 /* Build configuration list for PBXProject "CCA Quiz App" */ = {
			isa = XCConfigurationList;
			buildConfigurations = (
				864951DC231E4DC8005F50C0 /* Debug */,
				864951DD231E4DC8005F50C0 /* Release */,
			);
			defaultConfigurationIsVisible = 0;
			defaultConfigurationName = Release;
		};
		864951DE231E4DC8005F50C0 /* Build configuration list for PBXNativeTarget "CCA Quiz App" */ = {
			isa = XCConfigurationList;
			buildConfigurations = (
				864951DF231E4DC8005F50C0 /* Debug */,
				864951E0231E4DC8005F50C0 /* Release */,
			);
			defaultConfigurationIsVisible = 0;
			defaultConfigurationName = Release;
		};
		864951E1231E4DC8005F50C0 /* Build configuration list for PBXNativeTarget "CCA Quiz AppTests" */ = {
			isa = XCConfigurationList;
			buildConfigurations = (
				864951E2231E4DC8005F50C0 /* Debug */,
				864951E3231E4DC8005F50C0 /* Release */,
			);
			defaultConfigurationIsVisible = 0;
			defaultConfigurationName = Release;
		};
		864951E4231E4DC8005F50C0 /* Build configuration list for PBXNativeTarget "CCA Quiz AppUITests" */ = {
			isa = XCConfigurationList;
			buildConfigurations = (
				864951E5231E4DC8005F50C0 /* Debug */,
				864951E6231E4DC8005F50C0 /* Release */,
			);
			defaultConfigurationIsVisible = 0;
			defaultConfigurationName = Release;
		};
/* End XCConfigurationList section */
	};
	rootObject = 864951AE231E4DC6005F50C0 /* Project object */;
}
